Microsoft Visual Studio Solution File, Format Version 12.00
# Visual Studio 2012
Project("{FAE04EC0-301F-11D3-BF4B-00C04F79EFBC}") = "Tower Scale", "Tower Scale.csproj", "{BA6AB911-7A43-466D-9163-2E10A8B52D1F}"
EndProject
Global
	GlobalSection(SolutionConfigurationPlatforms) = preSolution
	Debug|Any CPU = Debug|Any CPU
	ExportDebug|Any CPU = ExportDebug|Any CPU
	ExportRelease|Any CPU = ExportRelease|Any CPU
	EndGlobalSection
	GlobalSection(ProjectConfigurationPlatforms) = postSolution
		{BA6AB911-7A43-466D-9163-2E10A8B52D1F}.Debug|Any CPU.ActiveCfg = Debug|Any CPU
		{BA6AB911-7A43-466D-9163-2E10A8B52D1F}.Debug|Any CPU.Build.0 = Debug|Any CPU
		{BA6AB911-7A43-466D-9163-2E10A8B52D1F}.ExportDebug|Any CPU.ActiveCfg = ExportDebug|Any CPU
		{BA6AB911-7A43-466D-9163-2E10A8B52D1F}.ExportDebug|Any CPU.Build.0 = ExportDebug|Any CPU
		{BA6AB911-7A43-466D-9163-2E10A8B52D1F}.ExportRelease|Any CPU.ActiveCfg = ExportRelease|Any CPU
		{BA6AB911-7A43-466D-9163-2E10A8B52D1F}.ExportRelease|Any CPU.Build.0 = ExportRelease|Any CPU
	EndGlobalSection
EndGlobal
